// !$*UTF8*$!
{
	archiveVersion = 1;
	classes = {
	};
	objectVersion = 51;
	objects = {

/* Begin PBXBuildFile section */
		46F59FC72545A7140077CDAA /* AppDelegate.swift in Sources */ = {isa = PBXBuildFile; fileRef = 46F59FC62545A7140077CDAA /* AppDelegate.swift */; };
		46F59FC92545A7140077CDAA /* SceneDelegate.swift in Sources */ = {isa = PBXBuildFile; fileRef = 46F59FC82545A7140077CDAA /* SceneDelegate.swift */; };
		46F59FCB2545A7140077CDAA /* ViewController.swift in Sources */ = {isa = PBXBuildFile; fileRef = 46F59FCA2545A7140077CDAA /* ViewController.swift */; };
		46F59FCE2545A7140077CDAA /* Main.storyboard in Resources */ = {isa = PBXBuildFile; fileRef = 46F59FCC2545A7140077CDAA /* Main.storyboard */; };
		46F59FD02545A7160077CDAA /* Assets.xcassets in Resources */ = {isa = PBXBuildFile; fileRef = 46F59FCF2545A7160077CDAA /* Assets.xcassets */; };
		46F59FD32545A7160077CDAA /* LaunchScreen.storyboard in Resources */ = {isa = PBXBuildFile; fileRef = 46F59FD12545A7160077CDAA /* LaunchScreen.storyboard */; };
		46F59FDB2545AAFF0077CDAA /* AppCoordinator.swift in Sources */ = {isa = PBXBuildFile; fileRef = 46F59FDA2545AAFF0077CDAA /* AppCoordinator.swift */; };
		46F59FDD2545AEA50077CDAA /* Restaurants.json in Resources */ = {isa = PBXBuildFile; fileRef = 46F59FDC2545AEA50077CDAA /* Restaurants.json */; };
		46F59FDF2545B4A40077CDAA /* Restaurant.swift in Sources */ = {isa = PBXBuildFile; fileRef = 46F59FDE2545B4A40077CDAA /* Restaurant.swift */; };
		46F59FE12545B5A40077CDAA /* RestaurantService.swift in Sources */ = {isa = PBXBuildFile; fileRef = 46F59FE02545B5A40077CDAA /* RestaurantService.swift */; };
		46F59FE32545BB810077CDAA /* RestaurantListViewModel.swift in Sources */ = {isa = PBXBuildFile; fileRef = 46F59FE22545BB810077CDAA /* RestaurantListViewModel.swift */; };
		46F59FE52545BDD50077CDAA /* RestaurantViewModel.swift in Sources */ = {isa = PBXBuildFile; fileRef = 46F59FE42545BDD50077CDAA /* RestaurantViewModel.swift */; };
		57C86ED88EF9688FB67B47A8 /* Pods_MVVMRxSwift.framework in Frameworks */ = {isa = PBXBuildFile; fileRef = 76E3AED8A75781CC18BB43E3 /* Pods_MVVMRxSwift.framework */; };
/* End PBXBuildFile section */

/* Begin PBXFileReference section */
		1D3BB6D44DAC6E4950D601AE /* Pods-MVVMRxSwift.debug.xcconfig */ = {isa = PBXFileReference; includeInIndex = 1; lastKnownFileType = text.xcconfig; name = "Pods-MVVMRxSwift.debug.xcconfig"; path = "Target Support Files/Pods-MVVMRxSwift/Pods-MVVMRxSwift.debug.xcconfig"; sourceTree = "<group>"; };
		46F59FC32545A7140077CDAA /* MVVMRxSwift.app */ = {isa = PBXFileReference; explicitFileType = wrapper.application; includeInIndex = 0; path = MVVMRxSwift.app; sourceTree = BUILT_PRODUCTS_DIR; };
		46F59FC62545A7140077CDAA /* AppDelegate.swift */ = {isa = PBXFileReference; lastKnownFileType = sourcecode.swift; path = AppDelegate.swift; sourceTree = "<group>"; };
		46F59FC82545A7140077CDAA /* SceneDelegate.swift */ = {isa = PBXFileReference; lastKnownFileType = sourcecode.swift; path = SceneDelegate.swift; sourceTree = "<group>"; };
		46F59FCA2545A7140077CDAA /* ViewController.swift */ = {isa = PBXFileReference; lastKnownFileType = sourcecode.swift; path = ViewController.swift; sourceTree = "<group>"; };
		46F59FCD2545A7140077CDAA /* Base */ = {isa = PBXFileReference; lastKnownFileType = file.storyboard; name = Base; path = Base.lproj/Main.storyboard; sourceTree = "<group>"; };
		46F59FCF2545A7160077CDAA /* Assets.xcassets */ = {isa = PBXFileReference; lastKnownFileType = folder.assetcatalog; path = Assets.xcassets; sourceTree = "<group>"; };
		46F59FD22545A7160077CDAA /* Base */ = {isa = PBXFileReference; lastKnownFileType = file.storyboard; name = Base; path = Base.lproj/LaunchScreen.storyboard; sourceTree = "<group>"; };
		46F59FD42545A7160077CDAA /* Info.plist */ = {isa = PBXFileReference; lastKnownFileType = text.plist.xml; path = Info.plist; sourceTree = "<group>"; };
		46F59FDA2545AAFF0077CDAA /* AppCoordinator.swift */ = {isa = PBXFileReference; lastKnownFileType = sourcecode.swift; path = AppCoordinator.swift; sourceTree = "<group>"; };
		46F59FDC2545AEA50077CDAA /* Restaurants.json */ = {isa = PBXFileReference; lastKnownFileType = text.json; path = Restaurants.json; sourceTree = "<group>"; };
		46F59FDE2545B4A40077CDAA /* Restaurant.swift */ = {isa = PBXFileReference; lastKnownFileType = sourcecode.swift; path = Restaurant.swift; sourceTree = "<group>"; };
		46F59FE02545B5A40077CDAA /* RestaurantService.swift */ = {isa = PBXFileReference; lastKnownFileType = sourcecode.swift; path = RestaurantService.swift; sourceTree = "<group>"; };
		46F59FE22545BB810077CDAA /* RestaurantListViewModel.swift */ = {isa = PBXFileReference; lastKnownFileType = sourcecode.swift; path = RestaurantListViewModel.swift; sourceTree = "<group>"; };
		46F59FE42545BDD50077CDAA /* RestaurantViewModel.swift */ = {isa = PBXFileReference; lastKnownFileType = sourcecode.swift; path = RestaurantViewModel.swift; sourceTree = "<group>"; };
		76E3AED8A75781CC18BB43E3 /* Pods_MVVMRxSwift.framework */ = {isa = PBXFileReference; explicitFileType = wrapper.framework; includeInIndex = 0; path = Pods_MVVMRxSwift.framework; sourceTree = BUILT_PRODUCTS_DIR; };
		EF1C9F5AF34691811F4C27E4 /* Pods-MVVMRxSwift.release.xcconfig */ = {isa = PBXFileReference; includeInIndex = 1; lastKnownFileType = text.xcconfig; name = "Pods-MVVMRxSwift.release.xcconfig"; path = "Target Support Files/Pods-MVVMRxSwift/Pods-MVVMRxSwift.release.xcconfig"; sourceTree = "<group>"; };
/* End PBXFileReference section */

/* Begin PBXFrameworksBuildPhase section */
		46F59FC02545A7140077CDAA /* Frameworks */ = {
			isa = PBXFrameworksBuildPhase;
			buildActionMask = 2147483647;
			files = (
				57C86ED88EF9688FB67B47A8 /* Pods_MVVMRxSwift.framework in Frameworks */,
			);
			runOnlyForDeploymentPostprocessing = 0;
		};
/* End PBXFrameworksBuildPhase section */

/* Begin PBXGroup section */
		034EA8F9DA65562C241EB621 /* Pods */ = {
			isa = PBXGroup;
			children = (
				1D3BB6D44DAC6E4950D601AE /* Pods-MVVMRxSwift.debug.xcconfig */,
				EF1C9F5AF34691811F4C27E4 /* Pods-MVVMRxSwift.release.xcconfig */,
			);
			path = Pods;
			sourceTree = "<group>";
		};
		0A3D31E3F90A53F0EA803DC0 /* Frameworks */ = {
			isa = PBXGroup;
			children = (
				76E3AED8A75781CC18BB43E3 /* Pods_MVVMRxSwift.framework */,
			);
			name = Frameworks;
			sourceTree = "<group>";
		};
		46F59FBA2545A7140077CDAA = {
			isa = PBXGroup;
			children = (
				46F59FC52545A7140077CDAA /* MVVMRxSwift */,
				46F59FC42545A7140077CDAA /* Products */,
				034EA8F9DA65562C241EB621 /* Pods */,
				0A3D31E3F90A53F0EA803DC0 /* Frameworks */,
			);
			sourceTree = "<group>";
		};
		46F59FC42545A7140077CDAA /* Products */ = {
			isa = PBXGroup;
			children = (
				46F59FC32545A7140077CDAA /* MVVMRxSwift.app */,
			);
			name = Products;
			sourceTree = "<group>";
		};
		46F59FC52545A7140077CDAA /* MVVMRxSwift */ = {
			isa = PBXGroup;
			children = (
				46F59FC82545A7140077CDAA /* SceneDelegate.swift */,
				46F59FC62545A7140077CDAA /* AppDelegate.swift */,
				46F59FCA2545A7140077CDAA /* ViewController.swift */,
				46F59FCC2545A7140077CDAA /* Main.storyboard */,
				46F59FCF2545A7160077CDAA /* Assets.xcassets */,
				46F59FD12545A7160077CDAA /* LaunchScreen.storyboard */,
				46F59FD42545A7160077CDAA /* Info.plist */,
				46F59FDA2545AAFF0077CDAA /* AppCoordinator.swift */,
				46F59FDC2545AEA50077CDAA /* Restaurants.json */,
				46F59FDE2545B4A40077CDAA /* Restaurant.swift */,
				46F59FE02545B5A40077CDAA /* RestaurantService.swift */,
				46F59FE22545BB810077CDAA /* RestaurantListViewModel.swift */,
				46F59FE42545BDD50077CDAA /* RestaurantViewModel.swift */,
			);
			path = MVVMRxSwift;
			sourceTree = "<group>";
		};
/* End PBXGroup section */

/* Begin PBXNativeTarget section */
		46F59FC22545A7140077CDAA /* MVVMRxSwift */ = {
			isa = PBXNativeTarget;
			buildConfigurationList = 46F59FD72545A7160077CDAA /* Build configuration list for PBXNativeTarget "MVVMRxSwift" */;
			buildPhases = (
				36A1463DA8E632E36C9AF570 /* [CP] Check Pods Manifest.lock */,
				46F59FBF2545A7140077CDAA /* Sources */,
				46F59FC02545A7140077CDAA /* Frameworks */,
				46F59FC12545A7140077CDAA /* Resources */,
				9A8F98A72AEB18CFEC80B8CE /* [CP] Embed Pods Frameworks */,
			);
			buildRules = (
			);
			dependencies = (
			);
			name = MVVMRxSwift;
			productName = MVVMRxSwift;
			productReference = 46F59FC32545A7140077CDAA /* MVVMRxSwift.app */;
			productType = "com.apple.product-type.application";
		};
/* End PBXNativeTarget section */

/* Begin PBXProject section */
		46F59FBB2545A7140077CDAA /* Project object */ = {
			isa = PBXProject;
			attributes = {
				LastSwiftUpdateCheck = 1160;
				LastUpgradeCheck = 1160;
				ORGANIZATIONNAME = "Mohamed Kelany";
				TargetAttributes = {
					46F59FC22545A7140077CDAA = {
						CreatedOnToolsVersion = 11.6;
					};
				};
			};
			buildConfigurationList = 46F59FBE2545A7140077CDAA /* Build configuration list for PBXProject "MVVMRxSwift" */;
			compatibilityVersion = "Xcode 9.3";
			developmentRegion = en;
			hasScannedForEncodings = 0;
			knownRegions = (
				en,
				Base,
			);
			mainGroup = 46F59FBA2545A7140077CDAA;
			productRefGroup = 46F59FC42545A7140077CDAA /* Products */;
			projectDirPath = "";
			projectRoot = "";
			targets = (
				46F59FC22545A7140077CDAA /* MVVMRxSwift */,
			);
		};
/* End PBXProject section */

/* Begin PBXResourcesBuildPhase section */
		46F59FC12545A7140077CDAA /* Resources */ = {
			isa = PBXResourcesBuildPhase;
			buildActionMask = 2147483647;
			files = (
				46F59FDD2545AEA50077CDAA /* Restaurants.json in Resources */,
				46F59FD32545A7160077CDAA /* LaunchScreen.storyboard in Resources */,
				46F59FD02545A7160077CDAA /* Assets.xcassets in Resources */,
				46F59FCE2545A7140077CDAA /* Main.storyboard in Resources */,
			);
			runOnlyForDeploymentPostprocessing = 0;
		};
/* End PBXResourcesBuildPhase section */

/* Begin PBXShellScriptBuildPhase section */
		36A1463DA8E632E36C9AF570 /* [CP] Check Pods Manifest.lock */ = {
			isa = PBXShellScriptBuildPhase;
			buildActionMask = 2147483647;
			files = (
			);
			inputFileListPaths = (
			);
			inputPaths = (
				"${PODS_PODFILE_DIR_PATH}/Podfile.lock",
				"${PODS_ROOT}/Manifest.lock",
			);
			name = "[CP] Check Pods Manifest.lock";
			outputFileListPaths = (
			);
			outputPaths = (
				"$(DERIVED_FILE_DIR)/Pods-MVVMRxSwift-checkManifestLockResult.txt",
			);
			runOnlyForDeploymentPostprocessing = 0;
			shellPath = /bin/sh;
			shellScript = "diff \"${PODS_PODFILE_DIR_PATH}/Podfile.lock\" \"${PODS_ROOT}/Manifest.lock\" > /dev/null\nif [ $? != 0 ] ; then\n    # print error to STDERR\n    echo \"error: The sandbox is not in sync with the Podfile.lock. Run 'pod install' or update your CocoaPods installation.\" >&2\n    exit 1\nfi\n# This output is used by Xcode 'outputs' to avoid re-running this script phase.\necho \"SUCCESS\" > \"${SCRIPT_OUTPUT_FILE_0}\"\n";
			showEnvVarsInLog = 0;
		};
		9A8F98A72AEB18CFEC80B8CE /* [CP] Embed Pods Frameworks */ = {
			isa = PBXShellScriptBuildPhase;
			buildActionMask = 2147483647;
			files = (
			);
			inputFileListPaths = (
				"${PODS_ROOT}/Target Support Files/Pods-MVVMRxSwift/Pods-MVVMRxSwift-frameworks-${CONFIGURATION}-input-files.xcfilelist",
			);
			name = "[CP] Embed Pods Frameworks";
			outputFileListPaths = (
				"${PODS_ROOT}/Target Support Files/Pods-MVVMRxSwift/Pods-MVVMRxSwift-frameworks-${CONFIGURATION}-output-files.xcfilelist",
			);
			runOnlyForDeploymentPostprocessing = 0;
			shellPath = /bin/sh;
			shellScript = "\"${PODS_ROOT}/Target Support Files/Pods-MVVMRxSwift/Pods-MVVMRxSwift-frameworks.sh\"\n";
			showEnvVarsInLog = 0;
		};
/* End PBXShellScriptBuildPhase section */

/* Begin PBXSourcesBuildPhase section */
		46F59FBF2545A7140077CDAA /* Sources */ = {
			isa = PBXSourcesBuildPhase;
			buildActionMask = 2147483647;
			files = (
				46F59FDF2545B4A40077CDAA /* Restaurant.swift in Sources */,
				46F59FE52545BDD50077CDAA /* RestaurantViewModel.swift in Sources */,
				46F59FDB2545AAFF0077CDAA /* AppCoordinator.swift in Sources */,
				46F59FE32545BB810077CDAA /* RestaurantListViewModel.swift in Sources */,
				46F59FCB2545A7140077CDAA /* ViewController.swift in Sources */,
				46F59FC72545A7140077CDAA /* AppDelegate.swift in Sources */,
				46F59FE12545B5A40077CDAA /* RestaurantService.swift in Sources */,
				46F59FC92545A7140077CDAA /* SceneDelegate.swift in Sources */,
			);
			runOnlyForDeploymentPostprocessing = 0;
		};
/* End PBXSourcesBuildPhase section */

/* Begin PBXVariantGroup section */
		46F59FCC2545A7140077CDAA /* Main.storyboard */ = {
			isa = PBXVariantGroup;
			children = (
				46F59FCD2545A7140077CDAA /* Base */,
			);
			name = Main.storyboard;
			sourceTree = "<group>";
		};
		46F59FD12545A7160077CDAA /* LaunchScreen.storyboard */ = {
			isa = PBXVariantGroup;
			children = (
				46F59FD22545A7160077CDAA /* Base */,
			);
			name = LaunchScreen.storyboard;
			sourceTree = "<group>";
		};
/* End PBXVariantGroup section */

/* Begin XCBuildConfiguration section */
		46F59FD52545A7160077CDAA /* Debug */ = {
			isa = XCBuildConfiguration;
			buildSettings = {
				ALWAYS_SEARCH_USER_PATHS = NO;
				CLANG_ANALYZER_NONNULL = YES;
				CLANG_ANALYZER_NUMBER_OBJECT_CONVERSION = YES_AGGRESSIVE;
				CLANG_CXX_LANGUAGE_STANDARD = "gnu++14";
				CLANG_CXX_LIBRARY = "libc++";
				CLANG_ENABLE_MODULES = YES;
				CLANG_ENABLE_OBJC_ARC = YES;
				CLANG_ENABLE_OBJC_WEAK = YES;
				CLANG_WARN_BLOCK_CAPTURE_AUTORELEASING = YES;
				CLANG_WARN_BOOL_CONVERSION = YES;
				CLANG_WARN_COMMA = YES;
				CLANG_WARN_CONSTANT_CONVERSION = YES;
				CLANG_WARN_DEPRECATED_OBJC_IMPLEMENTATIONS = YES;
				CLANG_WARN_DIRECT_OBJC_ISA_USAGE = YES_ERROR;
				CLANG_WARN_DOCUMENTATION_COMMENTS = YES;
				CLANG_WARN_EMPTY_BODY = YES;
				CLANG_WARN_ENUM_CONVERSION = YES;
				CLANG_WARN_INFINITE_RECURSION = YES;
				CLANG_WARN_INT_CONVERSION = YES;
				CLANG_WARN_NON_LITERAL_NULL_CONVERSION = YES;
				CLANG_WARN_OBJC_IMPLICIT_RETAIN_SELF = YES;
				CLANG_WARN_OBJC_LITERAL_CONVERSION = YES;
				CLANG_WARN_OBJC_ROOT_CLASS = YES_ERROR;
				CLANG_WARN_RANGE_LOOP_ANALYSIS = YES;
				CLANG_WARN_STRICT_PROTOTYPES = YES;
				CLANG_WARN_SUSPICIOUS_MOVE = YES;
				CLANG_WARN_UNGUARDED_AVAILABILITY = YES_AGGRESSIVE;
				CLANG_WARN_UNREACHABLE_CODE = YES;
				CLANG_WARN__DUPLICATE_METHOD_MATCH = YES;
				COPY_PHASE_STRIP = NO;
				DEBUG_INFORMATION_FORMAT = dwarf;
				ENABLE_STRICT_OBJC_MSGSEND = YES;
				ENABLE_TESTABILITY = YES;
				GCC_C_LANGUAGE_STANDARD = gnu11;
				GCC_DYNAMIC_NO_PIC = NO;
				GCC_NO_COMMON_BLOCKS = YES;
				GCC_OPTIMIZATION_LEVEL = 0;
				GCC_PREPROCESSOR_DEFINITIONS = (
					"DEBUG=1",
					"$(inherited)",
				);
				GCC_WARN_64_TO_32_BIT_CONVERSION = YES;
				GCC_WARN_ABOUT_RETURN_TYPE = YES_ERROR;
				GCC_WARN_UNDECLARED_SELECTOR = YES;
				GCC_WARN_UNINITIALIZED_AUTOS = YES_AGGRESSIVE;
				GCC_WARN_UNUSED_FUNCTION = YES;
				GCC_WARN_UNUSED_VARIABLE = YES;
				IPHONEOS_DEPLOYMENT_TARGET = 13.6;
				MTL_ENABLE_DEBUG_INFO = INCLUDE_SOURCE;
				MTL_FAST_MATH = YES;
				ONLY_ACTIVE_ARCH = YES;
				SDKROOT = iphoneos;
				SWIFT_ACTIVE_COMPILATION_CONDITIONS = DEBUG;
				SWIFT_OPTIMIZATION_LEVEL = "-Onone";
			};
			name = Debug;
		};
		46F59FD62545A7160077CDAA /* Release */ = {
			isa = XCBuildConfiguration;
			buildSettings = {
				ALWAYS_SEARCH_USER_PATHS = NO;
				CLANG_ANALYZER_NONNULL = YES;
				CLANG_ANALYZER_NUMBER_OBJECT_CONVERSION = YES_AGGRESSIVE;
				CLANG_CXX_LANGUAGE_STANDARD = "gnu++14";
				CLANG_CXX_LIBRARY = "libc++";
				CLANG_ENABLE_MODULES = YES;
				CLANG_ENABLE_OBJC_ARC = YES;
				CLANG_ENABLE_OBJC_WEAK = YES;
				CLANG_WARN_BLOCK_CAPTURE_AUTORELEASING = YES;
				CLANG_WARN_BOOL_CONVERSION = YES;
				CLANG_WARN_COMMA = YES;
				CLANG_WARN_CONSTANT_CONVERSION = YES;
				CLANG_WARN_DEPRECATED_OBJC_IMPLEMENTATIONS = YES;
				CLANG_WARN_DIRECT_OBJC_ISA_USAGE = YES_ERROR;
				CLANG_WARN_DOCUMENTATION_COMMENTS = YES;
				CLANG_WARN_EMPTY_BODY = YES;
				CLANG_WARN_ENUM_CONVERSION = YES;
				CLANG_WARN_INFINITE_RECURSION = YES;
				CLANG_WARN_INT_CONVERSION = YES;
				CLANG_WARN_NON_LITERAL_NULL_CONVERSION = YES;
				CLANG_WARN_OBJC_IMPLICIT_RETAIN_SELF = YES;
				CLANG_WARN_OBJC_LITERAL_CONVERSION = YES;
				CLANG_WARN_OBJC_ROOT_CLASS = YES_ERROR;
				CLANG_WARN_RANGE_LOOP_ANALYSIS = YES;
				CLANG_WARN_STRICT_PROTOTYPES = YES;
				CLANG_WARN_SUSPICIOUS_MOVE = YES;
				CLANG_WARN_UNGUARDED_AVAILABILITY = YES_AGGRESSIVE;
				CLANG_WARN_UNREACHABLE_CODE = YES;
				CLANG_WARN__DUPLICATE_METHOD_MATCH = YES;
				COPY_PHASE_STRIP = NO;
				DEBUG_INFORMATION_FORMAT = "dwarf-with-dsym";
				ENABLE_NS_ASSERTIONS = NO;
				ENABLE_STRICT_OBJC_MSGSEND = YES;
				GCC_C_LANGUAGE_STANDARD = gnu11;
				GCC_NO_COMMON_BLOCKS = YES;
				GCC_WARN_64_TO_32_BIT_CONVERSION = YES;
				GCC_WARN_ABOUT_RETURN_TYPE = YES_ERROR;
				GCC_WARN_UNDECLARED_SELECTOR = YES;
				GCC_WARN_UNINITIALIZED_AUTOS = YES_AGGRESSIVE;
				GCC_WARN_UNUSED_FUNCTION = YES;
				GCC_WARN_UNUSED_VARIABLE = YES;
				IPHONEOS_DEPLOYMENT_TARGET = 13.6;
				MTL_ENABLE_DEBUG_INFO = NO;
				MTL_FAST_MATH = YES;
				SDKROOT = iphoneos;
				SWIFT_COMPILATION_MODE = wholemodule;
				SWIFT_OPTIMIZATION_LEVEL = "-O";
				VALIDATE_PRODUCT = YES;
			};
			name = Release;
		};
		46F59FD82545A7160077CDAA /* Debug */ = {
			isa = XCBuildConfiguration;
			baseConfigurationReference = 1D3BB6D44DAC6E4950D601AE /* Pods-MVVMRxSwift.debug.xcconfig */;
			buildSettings = {
				ASSETCATALOG_COMPILER_APPICON_NAME = AppIcon;
				CODE_SIGN_STYLE = Automatic;
				DEVELOPMENT_TEAM = F5Q4UK5489;
				INFOPLIST_FILE = MVVMRxSwift/Info.plist;
				LD_RUNPATH_SEARCH_PATHS = (
					"$(inherited)",
					"@executable_path/Frameworks",
				);
				PRODUCT_BUNDLE_IDENTIFIER = kelany.MVVMRxSwift;
				PRODUCT_NAME = "$(TARGET_NAME)";
				SWIFT_VERSION = 5.0;
				TARGETED_DEVICE_FAMILY = "1,2";
			};
			name = Debug;
		};
		46F59FD92545A7160077CDAA /* Release */ = {
			isa = XCBuildConfiguration;
			baseConfigurationReference = EF1C9F5AF34691811F4C27E4 /* Pods-MVVMRxSwift.release.xcconfig */;
			buildSettings = {
				ASSETCATALOG_COMPILER_APPICON_NAME = AppIcon;
				CODE_SIGN_STYLE = Automatic;
				DEVELOPMENT_TEAM = F5Q4UK5489;
				INFOPLIST_FILE = MVVMRxSwift/Info.plist;
				LD_RUNPATH_SEARCH_PATHS = (
					"$(inherited)",
					"@executable_path/Frameworks",
				);
				PRODUCT_BUNDLE_IDENTIFIER = kelany.MVVMRxSwift;
				PRODUCT_NAME = "$(TARGET_NAME)";
				SWIFT_VERSION = 5.0;
				TARGETED_DEVICE_FAMILY = "1,2";
			};
			name = Release;
		};
/* End XCBuildConfiguration section */

/* Begin XCConfigurationList section */
		46F59FBE2545A7140077CDAA /* Build configuration list for PBXProject "MVVMRxSwift" */ = {
			isa = XCConfigurationList;
			buildConfigurations = (
				46F59FD52545A7160077CDAA /* Debug */,
				46F59FD62545A7160077CDAA /* Release */,
			);
			defaultConfigurationIsVisible = 0;
			defaultConfigurationName = Release;
		};
		46F59FD72545A7160077CDAA /* Build configuration list for PBXNativeTarget "MVVMRxSwift" */ = {
			isa = XCConfigurationList;
			buildConfigurations = (
				46F59FD82545A7160077CDAA /* Debug */,
				46F59FD92545A7160077CDAA /* Release */,
			);
			defaultConfigurationIsVisible = 0;
			defaultConfigurationName = Release;
		};
/* End XCConfigurationList section */
	};
	rootObject = 46F59FBB2545A7140077CDAA /* Project object */;
}
